<?xml version="1.0" encoding="UTF-8"?>
<Scheme
   LastUpgradeVersion = "0500"
   version = "1.3">
   <BuildAction
      parallelizeBuildables = "YES"
      buildImplicitDependencies = "YES">
      <BuildActionEntries>
         <BuildActionEntry
            buildForTesting = "YES"
            buildForRunning = "YES"
            buildForProfiling = "YES"
            buildForArchiving = "YES"
            buildForAnalyzing = "YES">
            <BuildableReference
               BuildableIdentifier = "primary"
               BlueprintIdentifier = "EB72043E1680DDAD00278DA2"
               BuildableName = "libKIF.a"
               BlueprintName = "KIF"
               ReferencedContainer = "container:KIF.xcodeproj">
            </BuildableReference>
         </BuildActionEntry>
      </BuildActionEntries>
   </BuildAction>
   <TestAction
      selectedDebuggerIdentifier = "Xcode.DebuggerFoundation.Debugger.LLDB"
      selectedLauncherIdentifier = "Xcode.DebuggerFoundation.Launcher.LLDB"
      shouldUseLaunchSchemeArgsEnv = "YES"
      buildConfiguration = "Coverage">
      <Testables>
         <TestableReference
            skipped = "NO">
            <BuildableReference
               BuildableIdentifier = "primary"
               BlueprintIdentifier = "EB60ECEA177F8DB3005A041A"
               BuildableName = "KIF Tests.octest"
               BlueprintName = "KIF Tests"
               ReferencedContainer = "container:KIF.xcodeproj">
            </BuildableReference>
            <SkippedTests>
               <Test
                  Identifier = "CascadingFailureTests">
               </Test>
               <Test
                  Identifier = "CompositionTests">
               </Test>
               <Test
                  Identifier = "GestureTests">
               </Test>
               <Test
                  Identifier = "LandscapeTests">
               </Test>
               <Test
                  Identifier = "LongPressTests">
               </Test>
               <Test
                  Identifier = "ModalViewTests">
               </Test>
               <Test
                  Identifier = "SearchFieldTests">
               </Test>
               <Test
                  Identifier = "SpecificControlTests">
               </Test>
               <Test
                  Identifier = "SystemTests">
               </Test>
               <Test
                  Identifier = "WaitForViewTests">
               </Test>
               <Test
                  Identifier = "WaitForTappableViewTests">
               </Test>
               <Test
                  Identifier = "WaitForAbscenceTests">
               </Test>
               <Test
                  Identifier = "TypingTests">
               </Test>
               <Test
                  Identifier = "TappingTests">
               </Test>
               <Test
                  Identifier = "TableViewTests">
               </Test>
            </SkippedTests>
         </TestableReference>
      </Testables>
   </TestAction>
   <LaunchAction
      selectedDebuggerIdentifier = "Xcode.DebuggerFoundation.Debugger.LLDB"
      selectedLauncherIdentifier = "Xcode.DebuggerFoundation.Launcher.LLDB"
      launchStyle = "0"
      useCustomWorkingDirectory = "NO"
      buildConfiguration = "Debug"
      ignoresPersistentStateOnLaunch = "NO"
      debugDocumentVersioning = "YES"
      allowLocationSimulation = "YES">
      <AdditionalOptions>
      </AdditionalOptions>
   </LaunchAction>
   <ProfileAction
      shouldUseLaunchSchemeArgsEnv = "YES"
      savedToolIdentifier = ""
      useCustomWorkingDirectory = "NO"
      buildConfiguration = "Release"
      debugDocumentVersioning = "YES">
   </ProfileAction>
   <AnalyzeAction
      buildConfiguration = "Debug">
   </AnalyzeAction>
   <ArchiveAction
      buildConfiguration = "Release"
      revealArchiveInOrganizer = "YES">
   </ArchiveAction>
</Scheme>
